{
  "name": "metadata-relay-assets",
  "version": "0.1.0",
  "lockfileVersion": 3,
  "requires": true,
  "packages": {
    "": {
      "name": "metadata-relay-assets",
      "version": "0.1.0",
      "dependencies": {
        "phoenix": "file:../deps/phoenix",
        "phoenix_html": "file:../deps/phoenix_html",
        "phoenix_live_view": "file:../deps/phoenix_live_view"
      },
      "devDependencies": {
        "daisyui": "^5.7.21",
        "tailwindcss": "^4.3.3"
      }
    },
    "../deps/phoenix": {
      "version": "1.8.12",
      "license": "MIT",
      "devDependencies": {
        "@babel/cli": "7.29.7",
        "@babel/core": "7.29.7",
        "@babel/preset-env": "7.29.7",
        "@eslint/js": "^10.0.1",
        "@stylistic/eslint-plugin": "^5.0.0",
        "documentation": "^14.0.3",
        "eslint": "10.4.1",
        "eslint-plugin-jest": "29.15.2",
        "jest": "^30.0.0",
        "jest-environment-jsdom": "^30.0.0",
        "jsdom": "^29.0.1",
        "mock-socket": "^9.3.1"
      }
    },
    "../deps/phoenix_html": {
      "version": "4.3.0"
    },
    "../deps/phoenix_live_view": {
      "version": "1.2.10",
      "license": "MIT",
      "devDependencies": {
        "@babel/cli": "8.0.4",
        "@babel/core": "8.0.1",
        "@babel/preset-env": "^8.0.2",
        "@babel/preset-typescript": "^8.0.1",
        "@eslint/js": "^10.0.1",
        "@playwright/test": "^1.62.0",
        "@types/jest": "^30.0.0",
        "@types/phoenix": "^1.6.7",
        "css.escape": "^1.5.1",
        "eslint": "^10.8.0",
        "eslint-plugin-jest": "^29.16.0",
        "eslint-plugin-playwright": "^2.11.0",
        "globals": "^17.8.0",
        "jest": "^30.4.2",
        "jest-environment-jsdom": "^30.4.1",
        "jest-monocart-coverage": "^1.1.1",
        "monocart-reporter": "^2.12.4",
        "morphdom": "github:SteffenDE/morphdom#main",
        "phoenix": "1.8.9",
        "prettier": "3.9.6",
        "typedoc": "^0.28.20",
        "typedoc-plugin-missing-exports": "^4.1.4",
        "typescript": "^6.0",
        "typescript-eslint": "^8.65.0"
      }
    },
    "node_modules/daisyui": {
      "version": "5.7.21",
      "resolved": "https://registry.npmjs.org/daisyui/-/daisyui-5.7.21.tgz",
      "integrity": "sha512-DyJvCwrclM8K3Jp8TB9n2WZ+QUd+0/dSEY0WRvTE26wL06e8I6nEpKYYJWJ5SDRwc7FRDp3CyeREqYTHi9hM3A==",
      "dev": true,
      "license": "MIT",
      "funding": {
        "url": "https://github.com/saadeghi/daisyui?sponsor=1"
      }
    },
    "node_modules/phoenix": {
      "resolved": "../deps/phoenix",
      "link": true
    },
    "node_modules/phoenix_html": {
      "resolved": "../deps/phoenix_html",
      "link": true
    },
    "node_modules/phoenix_live_view": {
      "resolved": "../deps/phoenix_live_view",
      "link": true
    },
    "node_modules/tailwindcss": {
      "version": "4.3.3",
      "resolved": "https://registry.npmjs.org/tailwindcss/-/tailwindcss-4.3.3.tgz",
      "integrity": "sha512-gOhV3P7ufE62QDGg1zVaTgCR+EtPv92k2nIhVcVKcLmxT1sUBsQGhnZj175j+MqRt4zLF7ic+sCYjfhxMxj7YQ==",
      "dev": true,
      "license": "MIT"
    }
  }
}
